{
  "nodes": {
    "nixpkgs": {
      "locked": {
        "lastModified": 1778363566,
        "narHash": "sha256-nGs0fSZF2dgZ6yuAnizkHYoHKbesDpF9vNuLc9xQr6s=",
        "owner": "nixos",
        "repo": "nixpkgs",
        "rev": "7482cd1454eb629b379cc4d8e363d1d72f5b7594",
        "type": "github"
      },
      "original": {
        "owner": "nixos",
        "ref": "master",
        "repo": "nixpkgs",
        "type": "github"
      }
    },
    "root": {
      "inputs": {
        "nixpkgs": "nixpkgs"
      }
    }
  },
  "root": "root",
  "version": 7
}
