{
  "nodes": {
    "nixpkgs": {
      "locked": {
        "lastModified": 1785100108,
        "narHash": "sha256-wCtJIfVTMtyTlIpSHE1Z6GHmA2Q77zQoL1J812fL8bY=",
        "owner": "nixos",
        "repo": "nixpkgs",
        "rev": "ae661feba72c08f03f53429974a0bd5bb7a733ec",
        "type": "github"
      },
      "original": {
        "owner": "nixos",
        "ref": "master",
        "repo": "nixpkgs",
        "type": "github"
      }
    },
    "root": {
      "inputs": {
        "nixpkgs": "nixpkgs"
      }
    }
  },
  "root": "root",
  "version": 7
}
